Microsoft Visual Studio Solution File, Format Version 12.00
# Visual Studio Version 17
VisualStudioVersion = 17.5.2.0
MinimumVisualStudioVersion = 10.0.40219.1
Project("{FAE04EC0-301F-11D3-BF4B-00C04F79EFBC}") = "CTSAR.Booking", "CTSAR.Booking.csproj", "{3514AB2C-3A84-A9E9-229F-77704ADDDE34}"
EndProject
Global
	GlobalSection(SolutionConfigurationPlatforms) = preSolution
		Debug|Any CPU = Debug|Any CPU
		Release|Any CPU = Release|Any CPU
	EndGlobalSection
	GlobalSection(ProjectConfigurationPlatforms) = postSolution
		{3514AB2C-3A84-A9E9-229F-77704ADDDE34}.Debug|Any CPU.ActiveCfg = Debug|Any CPU
		{3514AB2C-3A84-A9E9-229F-77704ADDDE34}.Debug|Any CPU.Build.0 = Debug|Any CPU
		{3514AB2C-3A84-A9E9-229F-77704ADDDE34}.Release|Any CPU.ActiveCfg = Release|Any CPU
		{3514AB2C-3A84-A9E9-229F-77704ADDDE34}.Release|Any CPU.Build.0 = Release|Any CPU
	EndGlobalSection
	GlobalSection(SolutionProperties) = preSolution
		HideSolutionNode = FALSE
	EndGlobalSection
	GlobalSection(ExtensibilityGlobals) = postSolution
		SolutionGuid = {4FF24D2D-3FB6-4CF8-A393-AEA84AAD3089}
	EndGlobalSection
EndGlobal
